
Microsoft Visual Studio Solution File, Format Version 12.00
# Visual Studio Version 17
VisualStudioVersion = 17.14.36717.8 d17.14
MinimumVisualStudioVersion = 10.0.40219.1
Project("{FAE04EC0-301F-11D3-BF4B-00C04F79EFBC}") = "Interfaz_BMolecultar_IG", "Interfaz_BMolecultar_IG.csproj", "{22F27A2A-BCD5-4CB2-BC1F-3BC973B0BC03}"
EndProject
Global
	GlobalSection(SolutionConfigurationPlatforms) = preSolution
		Debug|Any CPU = Debug|Any CPU
		Release|Any CPU = Release|Any CPU
	EndGlobalSection
	GlobalSection(ProjectConfigurationPlatforms) = postSolution
		{22F27A2A-BCD5-4CB2-BC1F-3BC973B0BC03}.Debug|Any CPU.ActiveCfg = Debug|Any CPU
		{22F27A2A-BCD5-4CB2-BC1F-3BC973B0BC03}.Debug|Any CPU.Build.0 = Debug|Any CPU
		{22F27A2A-BCD5-4CB2-BC1F-3BC973B0BC03}.Release|Any CPU.ActiveCfg = Release|Any CPU
		{22F27A2A-BCD5-4CB2-BC1F-3BC973B0BC03}.Release|Any CPU.Build.0 = Release|Any CPU
	EndGlobalSection
	GlobalSection(SolutionProperties) = preSolution
		HideSolutionNode = FALSE
	EndGlobalSection
	GlobalSection(ExtensibilityGlobals) = postSolution
		SolutionGuid = {BFCE72E6-9D81-44FB-BED1-7BE8B4562E71}
	EndGlobalSection
EndGlobal
